
Microsoft Visual Studio Solution File, Format Version 12.00
# Visual Studio Version 17
VisualStudioVersion = 17.6.33723.286
MinimumVisualStudioVersion = 10.0.40219.1
Project("{FAE04EC0-301F-11D3-BF4B-00C04F79EFBC}") = "newTest", "newTest.csproj", "{031E8BDF-7022-4D00-B5F1-3CD4121BE9ED}"
EndProject
Global
	GlobalSection(SolutionConfigurationPlatforms) = preSolution
		Debug|Any CPU = Debug|Any CPU
		Release|Any CPU = Release|Any CPU
	EndGlobalSection
	GlobalSection(ProjectConfigurationPlatforms) = postSolution
		{031E8BDF-7022-4D00-B5F1-3CD4121BE9ED}.Debug|Any CPU.ActiveCfg = Debug|Any CPU
		{031E8BDF-7022-4D00-B5F1-3CD4121BE9ED}.Debug|Any CPU.Build.0 = Debug|Any CPU
		{031E8BDF-7022-4D00-B5F1-3CD4121BE9ED}.Release|Any CPU.ActiveCfg = Release|Any CPU
		{031E8BDF-7022-4D00-B5F1-3CD4121BE9ED}.Release|Any CPU.Build.0 = Release|Any CPU
	EndGlobalSection
	GlobalSection(SolutionProperties) = preSolution
		HideSolutionNode = FALSE
	EndGlobalSection
	GlobalSection(ExtensibilityGlobals) = postSolution
		SolutionGuid = {CEC68EF2-84D1-441C-931F-F69E743F607D}
	EndGlobalSection
EndGlobal
